{
  "requires": true,
  "lockfileVersion": 1,
  "dependencies": {
    "bcryptjs": {
      "version": "2.4.3",
      "resolved": "https://registry.npmjs.org/bcryptjs/-/bcryptjs-2.4.3.tgz",
      "integrity": "sha1-mrVie5PmBiH/fNrF2pczAn3x0Ms="
    },
    "express-async-errors": {
      "version": "3.1.1",
      "resolved": "https://registry.npmjs.org/express-async-errors/-/express-async-errors-3.1.1.tgz",
      "integrity": "sha512-h6aK1da4tpqWSbyCa3FxB/V6Ehd4EEB15zyQq9qe75OZBp0krinNKuH4rAY+S/U/2I36vdLAUFSjQJ+TFmODng=="
    }
  }
}
